
Microsoft Visual Studio Solution File, Format Version 12.00
# Visual Studio 2013
VisualStudioVersion = 12.0.30723.0
MinimumVisualStudioVersion = 10.0.40219.1
Project("{FAE04EC0-301F-11D3-BF4B-00C04F79EFBC}") = "Data.Generic.Cache", "src\Data.Generic.Cache\Data.Generic.Cache.csproj", "{74A5F163-B2CD-4449-8D4F-8EF878C8DD1D}"
EndProject
Project("{FAE04EC0-301F-11D3-BF4B-00C04F79EFBC}") = "Data.Generic.Cache.Tests", "test\Data.Generic.Cache.Tests\Data.Generic.Cache.Tests.csproj", "{5E2D2510-91FA-4616-A665-E9537A75413E}"
EndProject
Project("{2150E333-8FDC-42A3-9474-1A3956D46DE8}") = ".nuget", ".nuget", "{923E90AB-56D0-45FE-89C5-74F5B66A3384}"
	ProjectSection(SolutionItems) = preProject
		.nuget\NuGet.Config = .nuget\NuGet.Config
		.nuget\NuGet.exe = .nuget\NuGet.exe
		.nuget\NuGet.targets = .nuget\NuGet.targets
	EndProjectSection
EndProject
Project("{2150E333-8FDC-42A3-9474-1A3956D46DE8}") = "Tests", "Tests", "{D8C0F821-BCD9-4C9E-941B-759B06795278}"
EndProject
Global
	GlobalSection(SolutionConfigurationPlatforms) = preSolution
		Debug|Any CPU = Debug|Any CPU
		Release|Any CPU = Release|Any CPU
	EndGlobalSection
	GlobalSection(ProjectConfigurationPlatforms) = postSolution
		{74A5F163-B2CD-4449-8D4F-8EF878C8DD1D}.Debug|Any CPU.ActiveCfg = Debug|Any CPU
		{74A5F163-B2CD-4449-8D4F-8EF878C8DD1D}.Debug|Any CPU.Build.0 = Debug|Any CPU
		{74A5F163-B2CD-4449-8D4F-8EF878C8DD1D}.Release|Any CPU.ActiveCfg = Release|Any CPU
		{74A5F163-B2CD-4449-8D4F-8EF878C8DD1D}.Release|Any CPU.Build.0 = Release|Any CPU
		{5E2D2510-91FA-4616-A665-E9537A75413E}.Debug|Any CPU.ActiveCfg = Debug|Any CPU
		{5E2D2510-91FA-4616-A665-E9537A75413E}.Debug|Any CPU.Build.0 = Debug|Any CPU
		{5E2D2510-91FA-4616-A665-E9537A75413E}.Release|Any CPU.ActiveCfg = Release|Any CPU
		{5E2D2510-91FA-4616-A665-E9537A75413E}.Release|Any CPU.Build.0 = Release|Any CPU
	EndGlobalSection
	GlobalSection(SolutionProperties) = preSolution
		HideSolutionNode = FALSE
	EndGlobalSection
	GlobalSection(NestedProjects) = preSolution
		{5E2D2510-91FA-4616-A665-E9537A75413E} = {D8C0F821-BCD9-4C9E-941B-759B06795278}
	EndGlobalSection
EndGlobal
